// !$*UTF8*$!
{
	archiveVersion = 1;
	classes = {
	};
	objectVersion = 56;
	objects = {

/* Begin PBXBuildFile section */
		D00C99E82C6B102C0012492D /* SplashScreen.storyboard in Resources */ = {isa = PBXBuildFile; fileRef = D00C99E72C6B102C0012492D /* SplashScreen.storyboard */; };
		D01186622C6A887400C8F7FC /* FetchDemoApp.swift in Sources */ = {isa = PBXBuildFile; fileRef = D01186612C6A887400C8F7FC /* FetchDemoApp.swift */; };
		D01186642C6A887400C8F7FC /* MainView.swift in Sources */ = {isa = PBXBuildFile; fileRef = D01186632C6A887400C8F7FC /* MainView.swift */; };
		D01186662C6A887600C8F7FC /* Assets.xcassets in Resources */ = {isa = PBXBuildFile; fileRef = D01186652C6A887600C8F7FC /* Assets.xcassets */; };
		D01186692C6A887600C8F7FC /* Preview Assets.xcassets in Resources */ = {isa = PBXBuildFile; fileRef = D01186682C6A887600C8F7FC /* Preview Assets.xcassets */; };
		D01186732C6A887600C8F7FC /* FetchDemoTests.swift in Sources */ = {isa = PBXBuildFile; fileRef = D01186722C6A887600C8F7FC /* FetchDemoTests.swift */; };
		D011867D2C6A887600C8F7FC /* FetchDemoUITests.swift in Sources */ = {isa = PBXBuildFile; fileRef = D011867C2C6A887600C8F7FC /* FetchDemoUITests.swift */; };
		D011867F2C6A887600C8F7FC /* FetchDemoUITestsLaunchTests.swift in Sources */ = {isa = PBXBuildFile; fileRef = D011867E2C6A887600C8F7FC /* FetchDemoUITestsLaunchTests.swift */; };
		D0325E692C6A90DE0016F073 /* MealModels.swift in Sources */ = {isa = PBXBuildFile; fileRef = D0325E682C6A90DE0016F073 /* MealModels.swift */; };
		D0325E6B2C6A96300016F073 /* APIService.swift in Sources */ = {isa = PBXBuildFile; fileRef = D0325E6A2C6A96300016F073 /* APIService.swift */; };
		D0325E6D2C6A98C50016F073 /* MealDetailView.swift in Sources */ = {isa = PBXBuildFile; fileRef = D0325E6C2C6A98C50016F073 /* MealDetailView.swift */; };
/* End PBXBuildFile section */

/* Begin PBXContainerItemProxy section */
		D011866F2C6A887600C8F7FC /* PBXContainerItemProxy */ = {
			isa = PBXContainerItemProxy;
			containerPortal = D01186562C6A887400C8F7FC /* Project object */;
			proxyType = 1;
			remoteGlobalIDString = D011865D2C6A887400C8F7FC;
			remoteInfo = FetchDemo;
		};
		D01186792C6A887600C8F7FC /* PBXContainerItemProxy */ = {
			isa = PBXContainerItemProxy;
			containerPortal = D01186562C6A887400C8F7FC /* Project object */;
			proxyType = 1;
			remoteGlobalIDString = D011865D2C6A887400C8F7FC;
			remoteInfo = FetchDemo;
		};
/* End PBXContainerItemProxy section */

/* Begin PBXFileReference section */
		D00C99E72C6B102C0012492D /* SplashScreen.storyboard */ = {isa = PBXFileReference; lastKnownFileType = file.storyboard; path = SplashScreen.storyboard; sourceTree = "<group>"; };
		D011865E2C6A887400C8F7FC /* FetchDemo.app */ = {isa = PBXFileReference; explicitFileType = wrapper.application; includeInIndex = 0; path = FetchDemo.app; sourceTree = BUILT_PRODUCTS_DIR; };
		D01186612C6A887400C8F7FC /* FetchDemoApp.swift */ = {isa = PBXFileReference; lastKnownFileType = sourcecode.swift; path = FetchDemoApp.swift; sourceTree = "<group>"; };
		D01186632C6A887400C8F7FC /* MainView.swift */ = {isa = PBXFileReference; lastKnownFileType = sourcecode.swift; path = MainView.swift; sourceTree = "<group>"; };
		D01186652C6A887600C8F7FC /* Assets.xcassets */ = {isa = PBXFileReference; lastKnownFileType = folder.assetcatalog; path = Assets.xcassets; sourceTree = "<group>"; };
		D01186682C6A887600C8F7FC /* Preview Assets.xcassets */ = {isa = PBXFileReference; lastKnownFileType = folder.assetcatalog; path = "Preview Assets.xcassets"; sourceTree = "<group>"; };
		D011866E2C6A887600C8F7FC /* FetchDemoTests.xctest */ = {isa = PBXFileReference; explicitFileType = wrapper.cfbundle; includeInIndex = 0; path = FetchDemoTests.xctest; sourceTree = BUILT_PRODUCTS_DIR; };
		D01186722C6A887600C8F7FC /* FetchDemoTests.swift */ = {isa = PBXFileReference; lastKnownFileType = sourcecode.swift; path = FetchDemoTests.swift; sourceTree = "<group>"; };
		D01186782C6A887600C8F7FC /* FetchDemoUITests.xctest */ = {isa = PBXFileReference; explicitFileType = wrapper.cfbundle; includeInIndex = 0; path = FetchDemoUITests.xctest; sourceTree = BUILT_PRODUCTS_DIR; };
		D011867C2C6A887600C8F7FC /* FetchDemoUITests.swift */ = {isa = PBXFileReference; lastKnownFileType = sourcecode.swift; path = FetchDemoUITests.swift; sourceTree = "<group>"; };
		D011867E2C6A887600C8F7FC /* FetchDemoUITestsLaunchTests.swift */ = {isa = PBXFileReference; lastKnownFileType = sourcecode.swift; path = FetchDemoUITestsLaunchTests.swift; sourceTree = "<group>"; };
		D0325E682C6A90DE0016F073 /* MealModels.swift */ = {isa = PBXFileReference; lastKnownFileType = sourcecode.swift; path = MealModels.swift; sourceTree = "<group>"; };
		D0325E6A2C6A96300016F073 /* APIService.swift */ = {isa = PBXFileReference; lastKnownFileType = sourcecode.swift; path = APIService.swift; sourceTree = "<group>"; };
		D0325E6C2C6A98C50016F073 /* MealDetailView.swift */ = {isa = PBXFileReference; lastKnownFileType = sourcecode.swift; path = MealDetailView.swift; sourceTree = "<group>"; };
/* End PBXFileReference section */

/* Begin PBXFrameworksBuildPhase section */
		D011865B2C6A887400C8F7FC /* Frameworks */ = {
			isa = PBXFrameworksBuildPhase;
			buildActionMask = 2147483647;
			files = (
			);
			runOnlyForDeploymentPostprocessing = 0;
		};
		D011866B2C6A887600C8F7FC /* Frameworks */ = {
			isa = PBXFrameworksBuildPhase;
			buildActionMask = 2147483647;
			files = (
			);
			runOnlyForDeploymentPostprocessing = 0;
		};
		D01186752C6A887600C8F7FC /* Frameworks */ = {
			isa = PBXFrameworksBuildPhase;
			buildActionMask = 2147483647;
			files = (
			);
			runOnlyForDeploymentPostprocessing = 0;
		};
/* End PBXFrameworksBuildPhase section */

/* Begin PBXGroup section */
		D01186552C6A887400C8F7FC = {
			isa = PBXGroup;
			children = (
				D01186602C6A887400C8F7FC /* FetchDemo */,
				D01186712C6A887600C8F7FC /* FetchDemoTests */,
				D011867B2C6A887600C8F7FC /* FetchDemoUITests */,
				D011865F2C6A887400C8F7FC /* Products */,
			);
			sourceTree = "<group>";
		};
		D011865F2C6A887400C8F7FC /* Products */ = {
			isa = PBXGroup;
			children = (
				D011865E2C6A887400C8F7FC /* FetchDemo.app */,
				D011866E2C6A887600C8F7FC /* FetchDemoTests.xctest */,
				D01186782C6A887600C8F7FC /* FetchDemoUITests.xctest */,
			);
			name = Products;
			sourceTree = "<group>";
		};
		D01186602C6A887400C8F7FC /* FetchDemo */ = {
			isa = PBXGroup;
			children = (
				D01186612C6A887400C8F7FC /* FetchDemoApp.swift */,
				D01186632C6A887400C8F7FC /* MainView.swift */,
				D0325E6C2C6A98C50016F073 /* MealDetailView.swift */,
				D0325E682C6A90DE0016F073 /* MealModels.swift */,
				D0325E6A2C6A96300016F073 /* APIService.swift */,
				D01186652C6A887600C8F7FC /* Assets.xcassets */,
				D00C99E72C6B102C0012492D /* SplashScreen.storyboard */,
				D01186672C6A887600C8F7FC /* Preview Content */,
			);
			path = FetchDemo;
			sourceTree = "<group>";
		};
		D01186672C6A887600C8F7FC /* Preview Content */ = {
			isa = PBXGroup;
			children = (
				D01186682C6A887600C8F7FC /* Preview Assets.xcassets */,
			);
			path = "Preview Content";
			sourceTree = "<group>";
		};
		D01186712C6A887600C8F7FC /* FetchDemoTests */ = {
			isa = PBXGroup;
			children = (
				D01186722C6A887600C8F7FC /* FetchDemoTests.swift */,
			);
			path = FetchDemoTests;
			sourceTree = "<group>";
		};
		D011867B2C6A887600C8F7FC /* FetchDemoUITests */ = {
			isa = PBXGroup;
			children = (
				D011867C2C6A887600C8F7FC /* FetchDemoUITests.swift */,
				D011867E2C6A887600C8F7FC /* FetchDemoUITestsLaunchTests.swift */,
			);
			path = FetchDemoUITests;
			sourceTree = "<group>";
		};
/* End PBXGroup section */

/* Begin PBXNativeTarget section */
		D011865D2C6A887400C8F7FC /* FetchDemo */ = {
			isa = PBXNativeTarget;
			buildConfigurationList = D01186822C6A887600C8F7FC /* Build configuration list for PBXNativeTarget "FetchDemo" */;
			buildPhases = (
				D011865A2C6A887400C8F7FC /* Sources */,
				D011865B2C6A887400C8F7FC /* Frameworks */,
				D011865C2C6A887400C8F7FC /* Resources */,
			);
			buildRules = (
			);
			dependencies = (
			);
			name = FetchDemo;
			productName = FetchDemo;
			productReference = D011865E2C6A887400C8F7FC /* FetchDemo.app */;
			productType = "com.apple.product-type.application";
		};
		D011866D2C6A887600C8F7FC /* FetchDemoTests */ = {
			isa = PBXNativeTarget;
			buildConfigurationList = D01186852C6A887600C8F7FC /* Build configuration list for PBXNativeTarget "FetchDemoTests" */;
			buildPhases = (
				D011866A2C6A887600C8F7FC /* Sources */,
				D011866B2C6A887600C8F7FC /* Frameworks */,
				D011866C2C6A887600C8F7FC /* Resources */,
			);
			buildRules = (
			);
			dependencies = (
				D01186702C6A887600C8F7FC /* PBXTargetDependency */,
			);
			name = FetchDemoTests;
			productName = FetchDemoTests;
			productReference = D011866E2C6A887600C8F7FC /* FetchDemoTests.xctest */;
			productType = "com.apple.product-type.bundle.unit-test";
		};
		D01186772C6A887600C8F7FC /* FetchDemoUITests */ = {
			isa = PBXNativeTarget;
			buildConfigurationList = D01186882C6A887600C8F7FC /* Build configuration list for PBXNativeTarget "FetchDemoUITests" */;
			buildPhases = (
				D01186742C6A887600C8F7FC /* Sources */,
				D01186752C6A887600C8F7FC /* Frameworks */,
				D01186762C6A887600C8F7FC /* Resources */,
			);
			buildRules = (
			);
			dependencies = (
				D011867A2C6A887600C8F7FC /* PBXTargetDependency */,
			);
			name = FetchDemoUITests;
			productName = FetchDemoUITests;
			productReference = D01186782C6A887600C8F7FC /* FetchDemoUITests.xctest */;
			productType = "com.apple.product-type.bundle.ui-testing";
		};
/* End PBXNativeTarget section */

/* Begin PBXProject section */
		D01186562C6A887400C8F7FC /* Project object */ = {
			isa = PBXProject;
			attributes = {
				BuildIndependentTargetsInParallel = 1;
				LastSwiftUpdateCheck = 1540;
				LastUpgradeCheck = 1540;
				TargetAttributes = {
					D011865D2C6A887400C8F7FC = {
						CreatedOnToolsVersion = 15.4;
					};
					D011866D2C6A887600C8F7FC = {
						CreatedOnToolsVersion = 15.4;
						TestTargetID = D011865D2C6A887400C8F7FC;
					};
					D01186772C6A887600C8F7FC = {
						CreatedOnToolsVersion = 15.4;
						TestTargetID = D011865D2C6A887400C8F7FC;
					};
				};
			};
			buildConfigurationList = D01186592C6A887400C8F7FC /* Build configuration list for PBXProject "FetchDemo" */;
			compatibilityVersion = "Xcode 14.0";
			developmentRegion = en;
			hasScannedForEncodings = 0;
			knownRegions = (
				en,
				Base,
			);
			mainGroup = D01186552C6A887400C8F7FC;
			productRefGroup = D011865F2C6A887400C8F7FC /* Products */;
			projectDirPath = "";
			projectRoot = "";
			targets = (
				D011865D2C6A887400C8F7FC /* FetchDemo */,
				D011866D2C6A887600C8F7FC /* FetchDemoTests */,
				D01186772C6A887600C8F7FC /* FetchDemoUITests */,
			);
		};
/* End PBXProject section */

/* Begin PBXResourcesBuildPhase section */
		D011865C2C6A887400C8F7FC /* Resources */ = {
			isa = PBXResourcesBuildPhase;
			buildActionMask = 2147483647;
			files = (
				D01186692C6A887600C8F7FC /* Preview Assets.xcassets in Resources */,
				D00C99E82C6B102C0012492D /* SplashScreen.storyboard in Resources */,
				D01186662C6A887600C8F7FC /* Assets.xcassets in Resources */,
			);
			runOnlyForDeploymentPostprocessing = 0;
		};
		D011866C2C6A887600C8F7FC /* Resources */ = {
			isa = PBXResourcesBuildPhase;
			buildActionMask = 2147483647;
			files = (
			);
			runOnlyForDeploymentPostprocessing = 0;
		};
		D01186762C6A887600C8F7FC /* Resources */ = {
			isa = PBXResourcesBuildPhase;
			buildActionMask = 2147483647;
			files = (
			);
			runOnlyForDeploymentPostprocessing = 0;
		};
/* End PBXResourcesBuildPhase section */

/* Begin PBXSourcesBuildPhase section */
		D011865A2C6A887400C8F7FC /* Sources */ = {
			isa = PBXSourcesBuildPhase;
			buildActionMask = 2147483647;
			files = (
				D0325E692C6A90DE0016F073 /* MealModels.swift in Sources */,
				D01186642C6A887400C8F7FC /* MainView.swift in Sources */,
				D0325E6B2C6A96300016F073 /* APIService.swift in Sources */,
				D0325E6D2C6A98C50016F073 /* MealDetailView.swift in Sources */,
				D01186622C6A887400C8F7FC /* FetchDemoApp.swift in Sources */,
			);
			runOnlyForDeploymentPostprocessing = 0;
		};
		D011866A2C6A887600C8F7FC /* Sources */ = {
			isa = PBXSourcesBuildPhase;
			buildActionMask = 2147483647;
			files = (
				D01186732C6A887600C8F7FC /* FetchDemoTests.swift in Sources */,
			);
			runOnlyForDeploymentPostprocessing = 0;
		};
		D01186742C6A887600C8F7FC /* Sources */ = {
			isa = PBXSourcesBuildPhase;
			buildActionMask = 2147483647;
			files = (
				D011867F2C6A887600C8F7FC /* FetchDemoUITestsLaunchTests.swift in Sources */,
				D011867D2C6A887600C8F7FC /* FetchDemoUITests.swift in Sources */,
			);
			runOnlyForDeploymentPostprocessing = 0;
		};
/* End PBXSourcesBuildPhase section */

/* Begin PBXTargetDependency section */
		D01186702C6A887600C8F7FC /* PBXTargetDependency */ = {
			isa = PBXTargetDependency;
			target = D011865D2C6A887400C8F7FC /* FetchDemo */;
			targetProxy = D011866F2C6A887600C8F7FC /* PBXContainerItemProxy */;
		};
		D011867A2C6A887600C8F7FC /* PBXTargetDependency */ = {
			isa = PBXTargetDependency;
			target = D011865D2C6A887400C8F7FC /* FetchDemo */;
			targetProxy = D01186792C6A887600C8F7FC /* PBXContainerItemProxy */;
		};
/* End PBXTargetDependency section */

/* Begin XCBuildConfiguration section */
		D01186802C6A887600C8F7FC /* Debug */ = {
			isa = XCBuildConfiguration;
			buildSettings = {
				ALWAYS_SEARCH_USER_PATHS = NO;
				ASSETCATALOG_COMPILER_GENERATE_SWIFT_ASSET_SYMBOL_EXTENSIONS = YES;
				CLANG_ANALYZER_NONNULL = YES;
				CLANG_ANALYZER_NUMBER_OBJECT_CONVERSION = YES_AGGRESSIVE;
				CLANG_CXX_LANGUAGE_STANDARD = "gnu++20";
				CLANG_ENABLE_MODULES = YES;
				CLANG_ENABLE_OBJC_ARC = YES;
				CLANG_ENABLE_OBJC_WEAK = YES;
				CLANG_WARN_BLOCK_CAPTURE_AUTORELEASING = YES;
				CLANG_WARN_BOOL_CONVERSION = YES;
				CLANG_WARN_COMMA = YES;
				CLANG_WARN_CONSTANT_CONVERSION = YES;
				CLANG_WARN_DEPRECATED_OBJC_IMPLEMENTATIONS = YES;
				CLANG_WARN_DIRECT_OBJC_ISA_USAGE = YES_ERROR;
				CLANG_WARN_DOCUMENTATION_COMMENTS = YES;
				CLANG_WARN_EMPTY_BODY = YES;
				CLANG_WARN_ENUM_CONVERSION = YES;
				CLANG_WARN_INFINITE_RECURSION = YES;
				CLANG_WARN_INT_CONVERSION = YES;
				CLANG_WARN_NON_LITERAL_NULL_CONVERSION = YES;
				CLANG_WARN_OBJC_IMPLICIT_RETAIN_SELF = YES;
				CLANG_WARN_OBJC_LITERAL_CONVERSION = YES;
				CLANG_WARN_OBJC_ROOT_CLASS = YES_ERROR;
				CLANG_WARN_QUOTED_INCLUDE_IN_FRAMEWORK_HEADER = YES;
				CLANG_WARN_RANGE_LOOP_ANALYSIS = YES;
				CLANG_WARN_STRICT_PROTOTYPES = YES;
				CLANG_WARN_SUSPICIOUS_MOVE = YES;
				CLANG_WARN_UNGUARDED_AVAILABILITY = YES_AGGRESSIVE;
				CLANG_WARN_UNREACHABLE_CODE = YES;
				CLANG_WARN__DUPLICATE_METHOD_MATCH = YES;
				COPY_PHASE_STRIP = NO;
				DEBUG_INFORMATION_FORMAT = dwarf;
				ENABLE_STRICT_OBJC_MSGSEND = YES;
				ENABLE_TESTABILITY = YES;
				ENABLE_USER_SCRIPT_SANDBOXING = YES;
				GCC_C_LANGUAGE_STANDARD = gnu17;
				GCC_DYNAMIC_NO_PIC = NO;
				GCC_NO_COMMON_BLOCKS = YES;
				GCC_OPTIMIZATION_LEVEL = 0;
				GCC_PREPROCESSOR_DEFINITIONS = (
					"DEBUG=1",
					"$(inherited)",
				);
				GCC_WARN_64_TO_32_BIT_CONVERSION = YES;
				GCC_WARN_ABOUT_RETURN_TYPE = YES_ERROR;
				GCC_WARN_UNDECLARED_SELECTOR = YES;
				GCC_WARN_UNINITIALIZED_AUTOS = YES_AGGRESSIVE;
				GCC_WARN_UNUSED_FUNCTION = YES;
				GCC_WARN_UNUSED_VARIABLE = YES;
				IPHONEOS_DEPLOYMENT_TARGET = 17.5;
				LOCALIZATION_PREFERS_STRING_CATALOGS = YES;
				MTL_ENABLE_DEBUG_INFO = INCLUDE_SOURCE;
				MTL_FAST_MATH = YES;
				ONLY_ACTIVE_ARCH = YES;
				SDKROOT = iphoneos;
				SWIFT_ACTIVE_COMPILATION_CONDITIONS = "DEBUG $(inherited)";
				SWIFT_OPTIMIZATION_LEVEL = "-Onone";
			};
			name = Debug;
		};
		D01186812C6A887600C8F7FC /* Release */ = {
			isa = XCBuildConfiguration;
			buildSettings = {
				ALWAYS_SEARCH_USER_PATHS = NO;
				ASSETCATALOG_COMPILER_GENERATE_SWIFT_ASSET_SYMBOL_EXTENSIONS = YES;
				CLANG_ANALYZER_NONNULL = YES;
				CLANG_ANALYZER_NUMBER_OBJECT_CONVERSION = YES_AGGRESSIVE;
				CLANG_CXX_LANGUAGE_STANDARD = "gnu++20";
				CLANG_ENABLE_MODULES = YES;
				CLANG_ENABLE_OBJC_ARC = YES;
				CLANG_ENABLE_OBJC_WEAK = YES;
				CLANG_WARN_BLOCK_CAPTURE_AUTORELEASING = YES;
				CLANG_WARN_BOOL_CONVERSION = YES;
				CLANG_WARN_COMMA = YES;
				CLANG_WARN_CONSTANT_CONVERSION = YES;
				CLANG_WARN_DEPRECATED_OBJC_IMPLEMENTATIONS = YES;
				CLANG_WARN_DIRECT_OBJC_ISA_USAGE = YES_ERROR;
				CLANG_WARN_DOCUMENTATION_COMMENTS = YES;
				CLANG_WARN_EMPTY_BODY = YES;
				CLANG_WARN_ENUM_CONVERSION = YES;
				CLANG_WARN_INFINITE_RECURSION = YES;
				CLANG_WARN_INT_CONVERSION = YES;
				CLANG_WARN_NON_LITERAL_NULL_CONVERSION = YES;
				CLANG_WARN_OBJC_IMPLICIT_RETAIN_SELF = YES;
				CLANG_WARN_OBJC_LITERAL_CONVERSION = YES;
				CLANG_WARN_OBJC_ROOT_CLASS = YES_ERROR;
				CLANG_WARN_QUOTED_INCLUDE_IN_FRAMEWORK_HEADER = YES;
				CLANG_WARN_RANGE_LOOP_ANALYSIS = YES;
				CLANG_WARN_STRICT_PROTOTYPES = YES;
				CLANG_WARN_SUSPICIOUS_MOVE = YES;
				CLANG_WARN_UNGUARDED_AVAILABILITY = YES_AGGRESSIVE;
				CLANG_WARN_UNREACHABLE_CODE = YES;
				CLANG_WARN__DUPLICATE_METHOD_MATCH = YES;
				COPY_PHASE_STRIP = NO;
				DEBUG_INFORMATION_FORMAT = "dwarf-with-dsym";
				ENABLE_NS_ASSERTIONS = NO;
				ENABLE_STRICT_OBJC_MSGSEND = YES;
				ENABLE_USER_SCRIPT_SANDBOXING = YES;
				GCC_C_LANGUAGE_STANDARD = gnu17;
				GCC_NO_COMMON_BLOCKS = YES;
				GCC_WARN_64_TO_32_BIT_CONVERSION = YES;
				GCC_WARN_ABOUT_RETURN_TYPE = YES_ERROR;
				GCC_WARN_UNDECLARED_SELECTOR = YES;
				GCC_WARN_UNINITIALIZED_AUTOS = YES_AGGRESSIVE;
				GCC_WARN_UNUSED_FUNCTION = YES;
				GCC_WARN_UNUSED_VARIABLE = YES;
				IPHONEOS_DEPLOYMENT_TARGET = 17.5;
				LOCALIZATION_PREFERS_STRING_CATALOGS = YES;
				MTL_ENABLE_DEBUG_INFO = NO;
				MTL_FAST_MATH = YES;
				SDKROOT = iphoneos;
				SWIFT_COMPILATION_MODE = wholemodule;
				VALIDATE_PRODUCT = YES;
			};
			name = Release;
		};
		D01186832C6A887600C8F7FC /* Debug */ = {
			isa = XCBuildConfiguration;
			buildSettings = {
				ASSETCATALOG_COMPILER_APPICON_NAME = AppIcon;
				ASSETCATALOG_COMPILER_GLOBAL_ACCENT_COLOR_NAME = AccentColor;
				CODE_SIGN_STYLE = Automatic;
				CURRENT_PROJECT_VERSION = 1;
				DEVELOPMENT_ASSET_PATHS = "\"FetchDemo/Preview Content\"";
				DEVELOPMENT_TEAM = XF766QR2QD;
				ENABLE_PREVIEWS = YES;
				GENERATE_INFOPLIST_FILE = YES;
				INFOPLIST_KEY_UIApplicationSceneManifest_Generation = YES;
				INFOPLIST_KEY_UIApplicationSupportsIndirectInputEvents = YES;
				INFOPLIST_KEY_UILaunchScreen_Generation = YES;
				INFOPLIST_KEY_UILaunchStoryboardName = SplashScreen.storyboard;
				INFOPLIST_KEY_UISupportedInterfaceOrientations = UIInterfaceOrientationPortrait;
				INFOPLIST_KEY_UISupportedInterfaceOrientations_iPad = "UIInterfaceOrientationPortrait UIInterfaceOrientationPortraitUpsideDown";
				IPHONEOS_DEPLOYMENT_TARGET = 15.0;
				LD_RUNPATH_SEARCH_PATHS = (
					"$(inherited)",
					"@executable_path/Frameworks",
				);
				MARKETING_VERSION = 1.0;
				PRODUCT_BUNDLE_IDENTIFIER = com.cmillstein.FetchDemo;
				PRODUCT_NAME = "$(TARGET_NAME)";
				SUPPORTED_PLATFORMS = "iphoneos iphonesimulator";
				SUPPORTS_MACCATALYST = NO;
				SUPPORTS_MAC_DESIGNED_FOR_IPHONE_IPAD = NO;
				SUPPORTS_XR_DESIGNED_FOR_IPHONE_IPAD = NO;
				SWIFT_EMIT_LOC_STRINGS = YES;
				SWIFT_VERSION = 5.0;
				TARGETED_DEVICE_FAMILY = "1,2";
			};
			name = Debug;
		};
		D01186842C6A887600C8F7FC /* Release */ = {
			isa = XCBuildConfiguration;
			buildSettings = {
				ASSETCATALOG_COMPILER_APPICON_NAME = AppIcon;
				ASSETCATALOG_COMPILER_GLOBAL_ACCENT_COLOR_NAME = AccentColor;
				CODE_SIGN_STYLE = Automatic;
				CURRENT_PROJECT_VERSION = 1;
				DEVELOPMENT_ASSET_PATHS = "\"FetchDemo/Preview Content\"";
				DEVELOPMENT_TEAM = XF766QR2QD;
				ENABLE_PREVIEWS = YES;
				GENERATE_INFOPLIST_FILE = YES;
				INFOPLIST_KEY_UIApplicationSceneManifest_Generation = YES;
				INFOPLIST_KEY_UIApplicationSupportsIndirectInputEvents = YES;
				INFOPLIST_KEY_UILaunchScreen_Generation = YES;
				INFOPLIST_KEY_UILaunchStoryboardName = SplashScreen.storyboard;
				INFOPLIST_KEY_UISupportedInterfaceOrientations = UIInterfaceOrientationPortrait;
				INFOPLIST_KEY_UISupportedInterfaceOrientations_iPad = "UIInterfaceOrientationPortrait UIInterfaceOrientationPortraitUpsideDown";
				IPHONEOS_DEPLOYMENT_TARGET = 15.0;
				LD_RUNPATH_SEARCH_PATHS = (
					"$(inherited)",
					"@executable_path/Frameworks",
				);
				MARKETING_VERSION = 1.0;
				PRODUCT_BUNDLE_IDENTIFIER = com.cmillstein.FetchDemo;
				PRODUCT_NAME = "$(TARGET_NAME)";
				SUPPORTED_PLATFORMS = "iphoneos iphonesimulator";
				SUPPORTS_MACCATALYST = NO;
				SUPPORTS_MAC_DESIGNED_FOR_IPHONE_IPAD = NO;
				SUPPORTS_XR_DESIGNED_FOR_IPHONE_IPAD = NO;
				SWIFT_EMIT_LOC_STRINGS = YES;
				SWIFT_VERSION = 5.0;
				TARGETED_DEVICE_FAMILY = "1,2";
			};
			name = Release;
		};
		D01186862C6A887600C8F7FC /* Debug */ = {
			isa = XCBuildConfiguration;
			buildSettings = {
				ALWAYS_EMBED_SWIFT_STANDARD_LIBRARIES = YES;
				BUNDLE_LOADER = "$(TEST_HOST)";
				CODE_SIGN_STYLE = Automatic;
				CURRENT_PROJECT_VERSION = 1;
				DEVELOPMENT_TEAM = XF766QR2QD;
				GENERATE_INFOPLIST_FILE = YES;
				IPHONEOS_DEPLOYMENT_TARGET = 17.5;
				MARKETING_VERSION = 1.0;
				PRODUCT_BUNDLE_IDENTIFIER = com.cmillstein.FetchDemoTests;
				PRODUCT_NAME = "$(TARGET_NAME)";
				SWIFT_EMIT_LOC_STRINGS = NO;
				SWIFT_VERSION = 5.0;
				TARGETED_DEVICE_FAMILY = "1,2";
				TEST_HOST = "$(BUILT_PRODUCTS_DIR)/FetchDemo.app/$(BUNDLE_EXECUTABLE_FOLDER_PATH)/FetchDemo";
			};
			name = Debug;
		};
		D01186872C6A887600C8F7FC /* Release */ = {
			isa = XCBuildConfiguration;
			buildSettings = {
				ALWAYS_EMBED_SWIFT_STANDARD_LIBRARIES = YES;
				BUNDLE_LOADER = "$(TEST_HOST)";
				CODE_SIGN_STYLE = Automatic;
				CURRENT_PROJECT_VERSION = 1;
				DEVELOPMENT_TEAM = XF766QR2QD;
				GENERATE_INFOPLIST_FILE = YES;
				IPHONEOS_DEPLOYMENT_TARGET = 17.5;
				MARKETING_VERSION = 1.0;
				PRODUCT_BUNDLE_IDENTIFIER = com.cmillstein.FetchDemoTests;
				PRODUCT_NAME = "$(TARGET_NAME)";
				SWIFT_EMIT_LOC_STRINGS = NO;
				SWIFT_VERSION = 5.0;
				TARGETED_DEVICE_FAMILY = "1,2";
				TEST_HOST = "$(BUILT_PRODUCTS_DIR)/FetchDemo.app/$(BUNDLE_EXECUTABLE_FOLDER_PATH)/FetchDemo";
			};
			name = Release;
		};
		D01186892C6A887600C8F7FC /* Debug */ = {
			isa = XCBuildConfiguration;
			buildSettings = {
				ALWAYS_EMBED_SWIFT_STANDARD_LIBRARIES = YES;
				CODE_SIGN_STYLE = Automatic;
				CURRENT_PROJECT_VERSION = 1;
				DEVELOPMENT_TEAM = XF766QR2QD;
				GENERATE_INFOPLIST_FILE = YES;
				MARKETING_VERSION = 1.0;
				PRODUCT_BUNDLE_IDENTIFIER = com.cmillstein.FetchDemoUITests;
				PRODUCT_NAME = "$(TARGET_NAME)";
				SWIFT_EMIT_LOC_STRINGS = NO;
				SWIFT_VERSION = 5.0;
				TARGETED_DEVICE_FAMILY = "1,2";
				TEST_TARGET_NAME = FetchDemo;
			};
			name = Debug;
		};
		D011868A2C6A887600C8F7FC /* Release */ = {
			isa = XCBuildConfiguration;
			buildSettings = {
				ALWAYS_EMBED_SWIFT_STANDARD_LIBRARIES = YES;
				CODE_SIGN_STYLE = Automatic;
				CURRENT_PROJECT_VERSION = 1;
				DEVELOPMENT_TEAM = XF766QR2QD;
				GENERATE_INFOPLIST_FILE = YES;
				MARKETING_VERSION = 1.0;
				PRODUCT_BUNDLE_IDENTIFIER = com.cmillstein.FetchDemoUITests;
				PRODUCT_NAME = "$(TARGET_NAME)";
				SWIFT_EMIT_LOC_STRINGS = NO;
				SWIFT_VERSION = 5.0;
				TARGETED_DEVICE_FAMILY = "1,2";
				TEST_TARGET_NAME = FetchDemo;
			};
			name = Release;
		};
/* End XCBuildConfiguration section */

/* Begin XCConfigurationList section */
		D01186592C6A887400C8F7FC /* Build configuration list for PBXProject "FetchDemo" */ = {
			isa = XCConfigurationList;
			buildConfigurations = (
				D01186802C6A887600C8F7FC /* Debug */,
				D01186812C6A887600C8F7FC /* Release */,
			);
			defaultConfigurationIsVisible = 0;
			defaultConfigurationName = Release;
		};
		D01186822C6A887600C8F7FC /* Build configuration list for PBXNativeTarget "FetchDemo" */ = {
			isa = XCConfigurationList;
			buildConfigurations = (
				D01186832C6A887600C8F7FC /* Debug */,
				D01186842C6A887600C8F7FC /* Release */,
			);
			defaultConfigurationIsVisible = 0;
			defaultConfigurationName = Release;
		};
		D01186852C6A887600C8F7FC /* Build configuration list for PBXNativeTarget "FetchDemoTests" */ = {
			isa = XCConfigurationList;
			buildConfigurations = (
				D01186862C6A887600C8F7FC /* Debug */,
				D01186872C6A887600C8F7FC /* Release */,
			);
			defaultConfigurationIsVisible = 0;
			defaultConfigurationName = Release;
		};
		D01186882C6A887600C8F7FC /* Build configuration list for PBXNativeTarget "FetchDemoUITests" */ = {
			isa = XCConfigurationList;
			buildConfigurations = (
				D01186892C6A887600C8F7FC /* Debug */,
				D011868A2C6A887600C8F7FC /* Release */,
			);
			defaultConfigurationIsVisible = 0;
			defaultConfigurationName = Release;
		};
/* End XCConfigurationList section */
	};
	rootObject = D01186562C6A887400C8F7FC /* Project object */;
}
